
Microsoft Visual Studio Solution File, Format Version 12.00
# Visual Studio Version 17
VisualStudioVersion = 17.0.31808.319
MinimumVisualStudioVersion = 10.0.40219.1
Project("{FAE04EC0-301F-11D3-BF4B-00C04F79EFBC}") = "Module5HW1", "Module5HW1\Module5HW1.csproj", "{AC4C7CE8-1F3F-4FA3-9317-CF4EFEFB0528}"
EndProject
Global
	GlobalSection(SolutionConfigurationPlatforms) = preSolution
		Debug|Any CPU = Debug|Any CPU
		Release|Any CPU = Release|Any CPU
	EndGlobalSection
	GlobalSection(ProjectConfigurationPlatforms) = postSolution
		{AC4C7CE8-1F3F-4FA3-9317-CF4EFEFB0528}.Debug|Any CPU.ActiveCfg = Debug|Any CPU
		{AC4C7CE8-1F3F-4FA3-9317-CF4EFEFB0528}.Debug|Any CPU.Build.0 = Debug|Any CPU
		{AC4C7CE8-1F3F-4FA3-9317-CF4EFEFB0528}.Release|Any CPU.ActiveCfg = Release|Any CPU
		{AC4C7CE8-1F3F-4FA3-9317-CF4EFEFB0528}.Release|Any CPU.Build.0 = Release|Any CPU
	EndGlobalSection
	GlobalSection(SolutionProperties) = preSolution
		HideSolutionNode = FALSE
	EndGlobalSection
	GlobalSection(ExtensibilityGlobals) = postSolution
		SolutionGuid = {01D76475-9392-42F4-87FD-F7E9CAC94C0B}
	EndGlobalSection
EndGlobal
